
Microsoft Visual Studio Solution File, Format Version 12.00
# Visual Studio Version 16
VisualStudioVersion = 16.0.30413.136
MinimumVisualStudioVersion = 10.0.40219.1
Project("{888888A0-9F3D-457C-B088-3A5042F75D52}") = "spiski", "spiski\spiski.pyproj", "{022474DD-8BD2-4E38-AB67-14E24099CABB}"
EndProject
Global
	GlobalSection(SolutionConfigurationPlatforms) = preSolution
		Debug|Any CPU = Debug|Any CPU
		Release|Any CPU = Release|Any CPU
	EndGlobalSection
	GlobalSection(ProjectConfigurationPlatforms) = postSolution
		{022474DD-8BD2-4E38-AB67-14E24099CABB}.Debug|Any CPU.ActiveCfg = Debug|Any CPU
		{022474DD-8BD2-4E38-AB67-14E24099CABB}.Release|Any CPU.ActiveCfg = Release|Any CPU
	EndGlobalSection
	GlobalSection(SolutionProperties) = preSolution
		HideSolutionNode = FALSE
	EndGlobalSection
	GlobalSection(ExtensibilityGlobals) = postSolution
		SolutionGuid = {C3A71CCB-97A1-4D3A-8F81-932E44CD0AE5}
	EndGlobalSection
EndGlobal
